
Microsoft Visual Studio Solution File, Format Version 12.00
# Visual Studio Version 16
VisualStudioVersion = 16.0.30413.136
MinimumVisualStudioVersion = 10.0.40219.1
Project("{9A19103F-16F7-4668-BE54-9A1E7A4F7556}") = "Web", "Web\Web.csproj", "{82CFBABC-4DEC-4D58-9B8A-C73C458B438E}"
EndProject
Project("{9A19103F-16F7-4668-BE54-9A1E7A4F7556}") = "AppCore", "AppCore\AppCore.csproj", "{D5E4F8D0-633B-4F17-8C60-E3F82515DAE2}"
EndProject
Project("{9A19103F-16F7-4668-BE54-9A1E7A4F7556}") = "Infrastructure", "Infrastructure\Infrastructure.csproj", "{F190517C-35E4-4F17-8F0A-AD6B6BC2B046}"
EndProject
Project("{9A19103F-16F7-4668-BE54-9A1E7A4F7556}") = "IoC", "IoC\IoC.csproj", "{939C3836-DDC9-4E31-ADBB-5574FFF22FE9}"
EndProject
Project("{2150E333-8FDC-42A3-9474-1A3956D46DE8}") = "Tests", "Tests", "{A61E9108-8A6C-4635-B7EC-5D3797EBA2F1}"
EndProject
Project("{9A19103F-16F7-4668-BE54-9A1E7A4F7556}") = "UnitTests", "UnitTests\UnitTests.csproj", "{58DE1ADA-5446-45B6-AFB7-9E2756B94EB6}"
EndProject
Project("{9A19103F-16F7-4668-BE54-9A1E7A4F7556}") = "IntegrationTests", "IntegrationTests\IntegrationTests.csproj", "{F96B70A1-E5CA-4186-AE0B-EA51BC799847}"
EndProject
Project("{FAE04EC0-301F-11D3-BF4B-00C04F79EFBC}") = "FunctionalTests", "FunctionalTests\FunctionalTests.csproj", "{AB9DC0A4-975E-4D6D-96A6-F6C86F983AFD}"
EndProject
Global
	GlobalSection(SolutionConfigurationPlatforms) = preSolution
		Debug|Any CPU = Debug|Any CPU
		Release|Any CPU = Release|Any CPU
	EndGlobalSection
	GlobalSection(ProjectConfigurationPlatforms) = postSolution
		{82CFBABC-4DEC-4D58-9B8A-C73C458B438E}.Debug|Any CPU.ActiveCfg = Debug|Any CPU
		{82CFBABC-4DEC-4D58-9B8A-C73C458B438E}.Debug|Any CPU.Build.0 = Debug|Any CPU
		{82CFBABC-4DEC-4D58-9B8A-C73C458B438E}.Release|Any CPU.ActiveCfg = Release|Any CPU
		{82CFBABC-4DEC-4D58-9B8A-C73C458B438E}.Release|Any CPU.Build.0 = Release|Any CPU
		{D5E4F8D0-633B-4F17-8C60-E3F82515DAE2}.Debug|Any CPU.ActiveCfg = Debug|Any CPU
		{D5E4F8D0-633B-4F17-8C60-E3F82515DAE2}.Debug|Any CPU.Build.0 = Debug|Any CPU
		{D5E4F8D0-633B-4F17-8C60-E3F82515DAE2}.Release|Any CPU.ActiveCfg = Release|Any CPU
		{D5E4F8D0-633B-4F17-8C60-E3F82515DAE2}.Release|Any CPU.Build.0 = Release|Any CPU
		{F190517C-35E4-4F17-8F0A-AD6B6BC2B046}.Debug|Any CPU.ActiveCfg = Debug|Any CPU
		{F190517C-35E4-4F17-8F0A-AD6B6BC2B046}.Debug|Any CPU.Build.0 = Debug|Any CPU
		{F190517C-35E4-4F17-8F0A-AD6B6BC2B046}.Release|Any CPU.ActiveCfg = Release|Any CPU
		{F190517C-35E4-4F17-8F0A-AD6B6BC2B046}.Release|Any CPU.Build.0 = Release|Any CPU
		{939C3836-DDC9-4E31-ADBB-5574FFF22FE9}.Debug|Any CPU.ActiveCfg = Debug|Any CPU
		{939C3836-DDC9-4E31-ADBB-5574FFF22FE9}.Debug|Any CPU.Build.0 = Debug|Any CPU
		{939C3836-DDC9-4E31-ADBB-5574FFF22FE9}.Release|Any CPU.ActiveCfg = Release|Any CPU
		{939C3836-DDC9-4E31-ADBB-5574FFF22FE9}.Release|Any CPU.Build.0 = Release|Any CPU
		{58DE1ADA-5446-45B6-AFB7-9E2756B94EB6}.Debug|Any CPU.ActiveCfg = Debug|Any CPU
		{58DE1ADA-5446-45B6-AFB7-9E2756B94EB6}.Debug|Any CPU.Build.0 = Debug|Any CPU
		{58DE1ADA-5446-45B6-AFB7-9E2756B94EB6}.Release|Any CPU.ActiveCfg = Release|Any CPU
		{58DE1ADA-5446-45B6-AFB7-9E2756B94EB6}.Release|Any CPU.Build.0 = Release|Any CPU
		{F96B70A1-E5CA-4186-AE0B-EA51BC799847}.Debug|Any CPU.ActiveCfg = Debug|Any CPU
		{F96B70A1-E5CA-4186-AE0B-EA51BC799847}.Debug|Any CPU.Build.0 = Debug|Any CPU
		{F96B70A1-E5CA-4186-AE0B-EA51BC799847}.Release|Any CPU.ActiveCfg = Release|Any CPU
		{F96B70A1-E5CA-4186-AE0B-EA51BC799847}.Release|Any CPU.Build.0 = Release|Any CPU
		{AB9DC0A4-975E-4D6D-96A6-F6C86F983AFD}.Debug|Any CPU.ActiveCfg = Debug|Any CPU
		{AB9DC0A4-975E-4D6D-96A6-F6C86F983AFD}.Debug|Any CPU.Build.0 = Debug|Any CPU
		{AB9DC0A4-975E-4D6D-96A6-F6C86F983AFD}.Release|Any CPU.ActiveCfg = Release|Any CPU
		{AB9DC0A4-975E-4D6D-96A6-F6C86F983AFD}.Release|Any CPU.Build.0 = Release|Any CPU
	EndGlobalSection
	GlobalSection(SolutionProperties) = preSolution
		HideSolutionNode = FALSE
	EndGlobalSection
	GlobalSection(NestedProjects) = preSolution
		{58DE1ADA-5446-45B6-AFB7-9E2756B94EB6} = {A61E9108-8A6C-4635-B7EC-5D3797EBA2F1}
		{F96B70A1-E5CA-4186-AE0B-EA51BC799847} = {A61E9108-8A6C-4635-B7EC-5D3797EBA2F1}
		{AB9DC0A4-975E-4D6D-96A6-F6C86F983AFD} = {A61E9108-8A6C-4635-B7EC-5D3797EBA2F1}
	EndGlobalSection
	GlobalSection(ExtensibilityGlobals) = postSolution
		SolutionGuid = {0215AE37-B29A-495F-8463-767D3D2D9D0A}
	EndGlobalSection
EndGlobal
